Microsoft Visual Studio Solution File, Format Version 12.00
# Visual Studio Version 16
VisualStudioVersion = 16.0.30611.23
MinimumVisualStudioVersion = 15.0.26124.0
Project("{9A19103F-16F7-4668-BE54-9A1E7A4F7556}") = "DecOR8R.CLI", "DecOR8R.CLI\DecOR8R.CLI.csproj", "{538DD793-D1DD-4A6A-9DDF-6F963FC18F5E}"
EndProject
Project("{9A19103F-16F7-4668-BE54-9A1E7A4F7556}") = "DecOR8R.CLI.Test", "DecOR8R.CLI.Test\DecOR8R.CLI.Test.csproj", "{6718CD26-C5B0-4E71-A232-A7102EB93F10}"
	ProjectSection(ProjectDependencies) = postProject
		{538DD793-D1DD-4A6A-9DDF-6F963FC18F5E} = {538DD793-D1DD-4A6A-9DDF-6F963FC18F5E}
	EndProjectSection
EndProject
Project("{FAE04EC0-301F-11D3-BF4B-00C04F79EFBC}") = "DecOR8R.Daemon", "DecOR8R.Daemon\DecOR8R.Daemon.csproj", "{5521CB9B-E0C4-42AF-A97E-723BD6E8BB76}"
EndProject
Project("{FAE04EC0-301F-11D3-BF4B-00C04F79EFBC}") = "DecOR8R.Daemon.Terminal", "DecOR8R.Daemon.Terminal\DecOR8R.Daemon.Terminal.csproj", "{C4F86E89-6300-4713-8C94-1FB61FE4BFEC}"
EndProject
Project("{FAE04EC0-301F-11D3-BF4B-00C04F79EFBC}") = "DecOR8R.Daemon.Vim", "DecOR8R.Daemon.Vim\DecOR8R.Daemon.Vim.csproj", "{0F7F6805-814D-4A84-BC45-3A0EEEA1483A}"
EndProject
Project("{FAE04EC0-301F-11D3-BF4B-00C04F79EFBC}") = "DecOR8R.Daemon.Tmux", "DecOR8R.Daemon.Tmux\DecOR8R.Daemon.Tmux.csproj", "{F02DAA1A-2836-4D4A-A2A0-0169F84BDE60}"
EndProject
Global
	GlobalSection(SolutionConfigurationPlatforms) = preSolution
		Debug|Any CPU = Debug|Any CPU
		Debug|x64 = Debug|x64
		Debug|x86 = Debug|x86
		Release|Any CPU = Release|Any CPU
		Release|x64 = Release|x64
		Release|x86 = Release|x86
	EndGlobalSection
	GlobalSection(ProjectConfigurationPlatforms) = postSolution
		{538DD793-D1DD-4A6A-9DDF-6F963FC18F5E}.Debug|Any CPU.ActiveCfg = Debug|Any CPU
		{538DD793-D1DD-4A6A-9DDF-6F963FC18F5E}.Debug|Any CPU.Build.0 = Debug|Any CPU
		{538DD793-D1DD-4A6A-9DDF-6F963FC18F5E}.Debug|x64.ActiveCfg = Debug|Any CPU
		{538DD793-D1DD-4A6A-9DDF-6F963FC18F5E}.Debug|x64.Build.0 = Debug|Any CPU
		{538DD793-D1DD-4A6A-9DDF-6F963FC18F5E}.Debug|x86.ActiveCfg = Debug|Any CPU
		{538DD793-D1DD-4A6A-9DDF-6F963FC18F5E}.Debug|x86.Build.0 = Debug|Any CPU
		{538DD793-D1DD-4A6A-9DDF-6F963FC18F5E}.Release|Any CPU.ActiveCfg = Release|Any CPU
		{538DD793-D1DD-4A6A-9DDF-6F963FC18F5E}.Release|Any CPU.Build.0 = Release|Any CPU
		{538DD793-D1DD-4A6A-9DDF-6F963FC18F5E}.Release|x64.ActiveCfg = Release|Any CPU
		{538DD793-D1DD-4A6A-9DDF-6F963FC18F5E}.Release|x64.Build.0 = Release|Any CPU
		{538DD793-D1DD-4A6A-9DDF-6F963FC18F5E}.Release|x86.ActiveCfg = Release|Any CPU
		{538DD793-D1DD-4A6A-9DDF-6F963FC18F5E}.Release|x86.Build.0 = Release|Any CPU
		{6718CD26-C5B0-4E71-A232-A7102EB93F10}.Debug|Any CPU.ActiveCfg = Debug|Any CPU
		{6718CD26-C5B0-4E71-A232-A7102EB93F10}.Debug|Any CPU.Build.0 = Debug|Any CPU
		{6718CD26-C5B0-4E71-A232-A7102EB93F10}.Debug|x64.ActiveCfg = Debug|Any CPU
		{6718CD26-C5B0-4E71-A232-A7102EB93F10}.Debug|x64.Build.0 = Debug|Any CPU
		{6718CD26-C5B0-4E71-A232-A7102EB93F10}.Debug|x86.ActiveCfg = Debug|Any CPU
		{6718CD26-C5B0-4E71-A232-A7102EB93F10}.Debug|x86.Build.0 = Debug|Any CPU
		{6718CD26-C5B0-4E71-A232-A7102EB93F10}.Release|Any CPU.ActiveCfg = Release|Any CPU
		{6718CD26-C5B0-4E71-A232-A7102EB93F10}.Release|Any CPU.Build.0 = Release|Any CPU
		{6718CD26-C5B0-4E71-A232-A7102EB93F10}.Release|x64.ActiveCfg = Release|Any CPU
		{6718CD26-C5B0-4E71-A232-A7102EB93F10}.Release|x64.Build.0 = Release|Any CPU
		{6718CD26-C5B0-4E71-A232-A7102EB93F10}.Release|x86.ActiveCfg = Release|Any CPU
		{6718CD26-C5B0-4E71-A232-A7102EB93F10}.Release|x86.Build.0 = Release|Any CPU
		{5521CB9B-E0C4-42AF-A97E-723BD6E8BB76}.Debug|Any CPU.ActiveCfg = Debug|Any CPU
		{5521CB9B-E0C4-42AF-A97E-723BD6E8BB76}.Debug|Any CPU.Build.0 = Debug|Any CPU
		{5521CB9B-E0C4-42AF-A97E-723BD6E8BB76}.Debug|x64.ActiveCfg = Debug|Any CPU
		{5521CB9B-E0C4-42AF-A97E-723BD6E8BB76}.Debug|x64.Build.0 = Debug|Any CPU
		{5521CB9B-E0C4-42AF-A97E-723BD6E8BB76}.Debug|x86.ActiveCfg = Debug|Any CPU
		{5521CB9B-E0C4-42AF-A97E-723BD6E8BB76}.Debug|x86.Build.0 = Debug|Any CPU
		{5521CB9B-E0C4-42AF-A97E-723BD6E8BB76}.Release|Any CPU.ActiveCfg = Release|Any CPU
		{5521CB9B-E0C4-42AF-A97E-723BD6E8BB76}.Release|Any CPU.Build.0 = Release|Any CPU
		{5521CB9B-E0C4-42AF-A97E-723BD6E8BB76}.Release|x64.ActiveCfg = Release|Any CPU
		{5521CB9B-E0C4-42AF-A97E-723BD6E8BB76}.Release|x64.Build.0 = Release|Any CPU
		{5521CB9B-E0C4-42AF-A97E-723BD6E8BB76}.Release|x86.ActiveCfg = Release|Any CPU
		{5521CB9B-E0C4-42AF-A97E-723BD6E8BB76}.Release|x86.Build.0 = Release|Any CPU
		{C4F86E89-6300-4713-8C94-1FB61FE4BFEC}.Debug|Any CPU.ActiveCfg = Debug|Any CPU
		{C4F86E89-6300-4713-8C94-1FB61FE4BFEC}.Debug|Any CPU.Build.0 = Debug|Any CPU
		{C4F86E89-6300-4713-8C94-1FB61FE4BFEC}.Debug|x64.ActiveCfg = Debug|Any CPU
		{C4F86E89-6300-4713-8C94-1FB61FE4BFEC}.Debug|x64.Build.0 = Debug|Any CPU
		{C4F86E89-6300-4713-8C94-1FB61FE4BFEC}.Debug|x86.ActiveCfg = Debug|Any CPU
		{C4F86E89-6300-4713-8C94-1FB61FE4BFEC}.Debug|x86.Build.0 = Debug|Any CPU
		{C4F86E89-6300-4713-8C94-1FB61FE4BFEC}.Release|Any CPU.ActiveCfg = Release|Any CPU
		{C4F86E89-6300-4713-8C94-1FB61FE4BFEC}.Release|Any CPU.Build.0 = Release|Any CPU
		{C4F86E89-6300-4713-8C94-1FB61FE4BFEC}.Release|x64.ActiveCfg = Release|Any CPU
		{C4F86E89-6300-4713-8C94-1FB61FE4BFEC}.Release|x64.Build.0 = Release|Any CPU
		{C4F86E89-6300-4713-8C94-1FB61FE4BFEC}.Release|x86.ActiveCfg = Release|Any CPU
		{C4F86E89-6300-4713-8C94-1FB61FE4BFEC}.Release|x86.Build.0 = Release|Any CPU
		{0F7F6805-814D-4A84-BC45-3A0EEEA1483A}.Debug|Any CPU.ActiveCfg = Debug|Any CPU
		{0F7F6805-814D-4A84-BC45-3A0EEEA1483A}.Debug|Any CPU.Build.0 = Debug|Any CPU
		{0F7F6805-814D-4A84-BC45-3A0EEEA1483A}.Debug|x64.ActiveCfg = Debug|Any CPU
		{0F7F6805-814D-4A84-BC45-3A0EEEA1483A}.Debug|x64.Build.0 = Debug|Any CPU
		{0F7F6805-814D-4A84-BC45-3A0EEEA1483A}.Debug|x86.ActiveCfg = Debug|Any CPU
		{0F7F6805-814D-4A84-BC45-3A0EEEA1483A}.Debug|x86.Build.0 = Debug|Any CPU
		{0F7F6805-814D-4A84-BC45-3A0EEEA1483A}.Release|Any CPU.ActiveCfg = Release|Any CPU
		{0F7F6805-814D-4A84-BC45-3A0EEEA1483A}.Release|Any CPU.Build.0 = Release|Any CPU
		{0F7F6805-814D-4A84-BC45-3A0EEEA1483A}.Release|x64.ActiveCfg = Release|Any CPU
		{0F7F6805-814D-4A84-BC45-3A0EEEA1483A}.Release|x64.Build.0 = Release|Any CPU
		{0F7F6805-814D-4A84-BC45-3A0EEEA1483A}.Release|x86.ActiveCfg = Release|Any CPU
		{0F7F6805-814D-4A84-BC45-3A0EEEA1483A}.Release|x86.Build.0 = Release|Any CPU
		{F02DAA1A-2836-4D4A-A2A0-0169F84BDE60}.Debug|Any CPU.ActiveCfg = Debug|Any CPU
		{F02DAA1A-2836-4D4A-A2A0-0169F84BDE60}.Debug|Any CPU.Build.0 = Debug|Any CPU
		{F02DAA1A-2836-4D4A-A2A0-0169F84BDE60}.Debug|x64.ActiveCfg = Debug|Any CPU
		{F02DAA1A-2836-4D4A-A2A0-0169F84BDE60}.Debug|x64.Build.0 = Debug|Any CPU
		{F02DAA1A-2836-4D4A-A2A0-0169F84BDE60}.Debug|x86.ActiveCfg = Debug|Any CPU
		{F02DAA1A-2836-4D4A-A2A0-0169F84BDE60}.Debug|x86.Build.0 = Debug|Any CPU
		{F02DAA1A-2836-4D4A-A2A0-0169F84BDE60}.Release|Any CPU.ActiveCfg = Release|Any CPU
		{F02DAA1A-2836-4D4A-A2A0-0169F84BDE60}.Release|Any CPU.Build.0 = Release|Any CPU
		{F02DAA1A-2836-4D4A-A2A0-0169F84BDE60}.Release|x64.ActiveCfg = Release|Any CPU
		{F02DAA1A-2836-4D4A-A2A0-0169F84BDE60}.Release|x64.Build.0 = Release|Any CPU
		{F02DAA1A-2836-4D4A-A2A0-0169F84BDE60}.Release|x86.ActiveCfg = Release|Any CPU
		{F02DAA1A-2836-4D4A-A2A0-0169F84BDE60}.Release|x86.Build.0 = Release|Any CPU
	EndGlobalSection
	GlobalSection(SolutionProperties) = preSolution
		HideSolutionNode = FALSE
	EndGlobalSection
	GlobalSection(ExtensibilityGlobals) = postSolution
		SolutionGuid = {0091DDD7-CDED-42EE-8573-A6F32DCFE928}
	EndGlobalSection
EndGlobal
